
Microsoft Visual Studio Solution File, Format Version 12.00
# Visual Studio 14
VisualStudioVersion = 14.0.25420.1
MinimumVisualStudioVersion = 10.0.40219.1
Project("{FAE04EC0-301F-11D3-BF4B-00C04F79EFBC}") = "CoinJumps.Service", "CoinJumps.Service\CoinJumps.Service.csproj", "{1080BECC-F369-4FD2-ABF4-D4689FB76802}"
EndProject
Global
	GlobalSection(SolutionConfigurationPlatforms) = preSolution
		Debug|Any CPU = Debug|Any CPU
		Release|Any CPU = Release|Any CPU
	EndGlobalSection
	GlobalSection(ProjectConfigurationPlatforms) = postSolution
		{1080BECC-F369-4FD2-ABF4-D4689FB76802}.Debug|Any CPU.ActiveCfg = Debug|Any CPU
		{1080BECC-F369-4FD2-ABF4-D4689FB76802}.Debug|Any CPU.Build.0 = Debug|Any CPU
		{1080BECC-F369-4FD2-ABF4-D4689FB76802}.Release|Any CPU.ActiveCfg = Release|Any CPU
		{1080BECC-F369-4FD2-ABF4-D4689FB76802}.Release|Any CPU.Build.0 = Release|Any CPU
	EndGlobalSection
	GlobalSection(SolutionProperties) = preSolution
		HideSolutionNode = FALSE
	EndGlobalSection
EndGlobal
